
Microsoft Visual Studio Solution File, Format Version 12.00
# Visual Studio Version 16
VisualStudioVersion = 16.0.29521.150
MinimumVisualStudioVersion = 10.0.40219.1
Project("{9A19103F-16F7-4668-BE54-9A1E7A4F7556}") = "WebApp", "WebApp\WebApp.csproj", "{6B8E7C26-4048-4092-8A97-873D4774D98B}"
EndProject
Project("{9A19103F-16F7-4668-BE54-9A1E7A4F7556}") = "ClientAppA", "ClientAppA\ClientAppA.csproj", "{E2D0AA58-37B3-426F-A429-88908F83F2FE}"
EndProject
Project("{9A19103F-16F7-4668-BE54-9A1E7A4F7556}") = "ClientLibrary", "ClientLibrary\ClientLibrary.csproj", "{0B19D02F-ABB5-44C0-AEC2-9BF1FBCEC0DC}"
EndProject
Project("{9A19103F-16F7-4668-BE54-9A1E7A4F7556}") = "ClientAppB", "ClientAppB\ClientAppB.csproj", "{CB58EED5-E2B7-42AB-96E7-A40EE56FF747}"
EndProject
Project("{9A19103F-16F7-4668-BE54-9A1E7A4F7556}") = "SharedLibrary", "SharedLibrary\SharedLibrary.csproj", "{CB3D3B32-586C-4084-ACB6-E7049EDB9826}"
EndProject
Global
	GlobalSection(SolutionConfigurationPlatforms) = preSolution
		Debug|Any CPU = Debug|Any CPU
		Release|Any CPU = Release|Any CPU
	EndGlobalSection
	GlobalSection(ProjectConfigurationPlatforms) = postSolution
		{6B8E7C26-4048-4092-8A97-873D4774D98B}.Debug|Any CPU.ActiveCfg = Debug|Any CPU
		{6B8E7C26-4048-4092-8A97-873D4774D98B}.Debug|Any CPU.Build.0 = Debug|Any CPU
		{6B8E7C26-4048-4092-8A97-873D4774D98B}.Release|Any CPU.ActiveCfg = Release|Any CPU
		{6B8E7C26-4048-4092-8A97-873D4774D98B}.Release|Any CPU.Build.0 = Release|Any CPU
		{E2D0AA58-37B3-426F-A429-88908F83F2FE}.Debug|Any CPU.ActiveCfg = Debug|Any CPU
		{E2D0AA58-37B3-426F-A429-88908F83F2FE}.Debug|Any CPU.Build.0 = Debug|Any CPU
		{E2D0AA58-37B3-426F-A429-88908F83F2FE}.Release|Any CPU.ActiveCfg = Release|Any CPU
		{E2D0AA58-37B3-426F-A429-88908F83F2FE}.Release|Any CPU.Build.0 = Release|Any CPU
		{0B19D02F-ABB5-44C0-AEC2-9BF1FBCEC0DC}.Debug|Any CPU.ActiveCfg = Debug|Any CPU
		{0B19D02F-ABB5-44C0-AEC2-9BF1FBCEC0DC}.Debug|Any CPU.Build.0 = Debug|Any CPU
		{0B19D02F-ABB5-44C0-AEC2-9BF1FBCEC0DC}.Release|Any CPU.ActiveCfg = Release|Any CPU
		{0B19D02F-ABB5-44C0-AEC2-9BF1FBCEC0DC}.Release|Any CPU.Build.0 = Release|Any CPU
		{CB58EED5-E2B7-42AB-96E7-A40EE56FF747}.Debug|Any CPU.ActiveCfg = Debug|Any CPU
		{CB58EED5-E2B7-42AB-96E7-A40EE56FF747}.Debug|Any CPU.Build.0 = Debug|Any CPU
		{CB58EED5-E2B7-42AB-96E7-A40EE56FF747}.Release|Any CPU.ActiveCfg = Release|Any CPU
		{CB58EED5-E2B7-42AB-96E7-A40EE56FF747}.Release|Any CPU.Build.0 = Release|Any CPU
		{CB3D3B32-586C-4084-ACB6-E7049EDB9826}.Debug|Any CPU.ActiveCfg = Debug|Any CPU
		{CB3D3B32-586C-4084-ACB6-E7049EDB9826}.Debug|Any CPU.Build.0 = Debug|Any CPU
		{CB3D3B32-586C-4084-ACB6-E7049EDB9826}.Release|Any CPU.ActiveCfg = Release|Any CPU
		{CB3D3B32-586C-4084-ACB6-E7049EDB9826}.Release|Any CPU.Build.0 = Release|Any CPU
	EndGlobalSection
	GlobalSection(SolutionProperties) = preSolution
		HideSolutionNode = FALSE
	EndGlobalSection
	GlobalSection(ExtensibilityGlobals) = postSolution
		SolutionGuid = {B567848E-BE24-408E-841C-9F379F41304F}
	EndGlobalSection
EndGlobal
